
Microsoft Visual Studio Solution File, Format Version 12.00
# Visual Studio Version 17
VisualStudioVersion = 17.3.32804.467
MinimumVisualStudioVersion = 10.0.40219.1
Project("{FAE04EC0-301F-11D3-BF4B-00C04F79EFBC}") = "CareAdvance-Database", "CareAdvance-Database\CareAdvance-Database.csproj", "{C1B23918-D9E3-482F-9C46-BFA9DD2307F1}"
EndProject
Project("{FAE04EC0-301F-11D3-BF4B-00C04F79EFBC}") = "CareAdvance-DatabaseTests", "CareAdvance-DatabaseTests\CareAdvance-DatabaseTests.csproj", "{61B0F860-A4F4-4D1D-B080-62000CA50BF8}"
EndProject
Global
	GlobalSection(SolutionConfigurationPlatforms) = preSolution
		Debug|Any CPU = Debug|Any CPU
		Release|Any CPU = Release|Any CPU
	EndGlobalSection
	GlobalSection(ProjectConfigurationPlatforms) = postSolution
		{C1B23918-D9E3-482F-9C46-BFA9DD2307F1}.Debug|Any CPU.ActiveCfg = Debug|Any CPU
		{C1B23918-D9E3-482F-9C46-BFA9DD2307F1}.Debug|Any CPU.Build.0 = Debug|Any CPU
		{C1B23918-D9E3-482F-9C46-BFA9DD2307F1}.Release|Any CPU.ActiveCfg = Release|Any CPU
		{C1B23918-D9E3-482F-9C46-BFA9DD2307F1}.Release|Any CPU.Build.0 = Release|Any CPU
		{61B0F860-A4F4-4D1D-B080-62000CA50BF8}.Debug|Any CPU.ActiveCfg = Debug|Any CPU
		{61B0F860-A4F4-4D1D-B080-62000CA50BF8}.Debug|Any CPU.Build.0 = Debug|Any CPU
		{61B0F860-A4F4-4D1D-B080-62000CA50BF8}.Release|Any CPU.ActiveCfg = Release|Any CPU
		{61B0F860-A4F4-4D1D-B080-62000CA50BF8}.Release|Any CPU.Build.0 = Release|Any CPU
	EndGlobalSection
	GlobalSection(SolutionProperties) = preSolution
		HideSolutionNode = FALSE
	EndGlobalSection
	GlobalSection(ExtensibilityGlobals) = postSolution
		SolutionGuid = {CDCE79B1-89D2-4A64-9867-75070774AE21}
	EndGlobalSection
EndGlobal
